// !$*UTF8*$!
{
	archiveVersion = 1;
	classes = {
	};
	objectVersion = 50;
	objects = {

/* Begin PBXBuildFile section */
		3A536C962354E7F500D8DC39 /* AppDelegate.swift in Sources */ = {isa = PBXBuildFile; fileRef = 3A536C952354E7F500D8DC39 /* AppDelegate.swift */; };
		3A536C982354E7F500D8DC39 /* SceneDelegate.swift in Sources */ = {isa = PBXBuildFile; fileRef = 3A536C972354E7F500D8DC39 /* SceneDelegate.swift */; };
		3A536C9A2354E7F500D8DC39 /* ViewController.swift in Sources */ = {isa = PBXBuildFile; fileRef = 3A536C992354E7F500D8DC39 /* ViewController.swift */; };
		3A536C9D2354E7F500D8DC39 /* Main.storyboard in Resources */ = {isa = PBXBuildFile; fileRef = 3A536C9B2354E7F500D8DC39 /* Main.storyboard */; };
		3A536C9F2354E7F700D8DC39 /* Assets.xcassets in Resources */ = {isa = PBXBuildFile; fileRef = 3A536C9E2354E7F700D8DC39 /* Assets.xcassets */; };
		3A536CA22354E7F700D8DC39 /* LaunchScreen.storyboard in Resources */ = {isa = PBXBuildFile; fileRef = 3A536CA02354E7F700D8DC39 /* LaunchScreen.storyboard */; };
		3A536CAD2354E7F700D8DC39 /* animationsLabTwoTests.swift in Sources */ = {isa = PBXBuildFile; fileRef = 3A536CAC2354E7F700D8DC39 /* animationsLabTwoTests.swift */; };
		3A536CB82354E7F700D8DC39 /* animationsLabTwoUITests.swift in Sources */ = {isa = PBXBuildFile; fileRef = 3A536CB72354E7F700D8DC39 /* animationsLabTwoUITests.swift */; };
/* End PBXBuildFile section */

/* Begin PBXContainerItemProxy section */
		3A536CA92354E7F700D8DC39 /* PBXContainerItemProxy */ = {
			isa = PBXContainerItemProxy;
			containerPortal = 3A536C8A2354E7F500D8DC39 /* Project object */;
			proxyType = 1;
			remoteGlobalIDString = 3A536C912354E7F500D8DC39;
			remoteInfo = animationsLabTwo;
		};
		3A536CB42354E7F700D8DC39 /* PBXContainerItemProxy */ = {
			isa = PBXContainerItemProxy;
			containerPortal = 3A536C8A2354E7F500D8DC39 /* Project object */;
			proxyType = 1;
			remoteGlobalIDString = 3A536C912354E7F500D8DC39;
			remoteInfo = animationsLabTwo;
		};
/* End PBXContainerItemProxy section */

/* Begin PBXFileReference section */
		3A536C922354E7F500D8DC39 /* animationsLabTwo.app */ = {isa = PBXFileReference; explicitFileType = wrapper.application; includeInIndex = 0; path = animationsLabTwo.app; sourceTree = BUILT_PRODUCTS_DIR; };
		3A536C952354E7F500D8DC39 /* AppDelegate.swift */ = {isa = PBXFileReference; lastKnownFileType = sourcecode.swift; path = AppDelegate.swift; sourceTree = "<group>"; };
		3A536C972354E7F500D8DC39 /* SceneDelegate.swift */ = {isa = PBXFileReference; lastKnownFileType = sourcecode.swift; path = SceneDelegate.swift; sourceTree = "<group>"; };
		3A536C992354E7F500D8DC39 /* ViewController.swift */ = {isa = PBXFileReference; lastKnownFileType = sourcecode.swift; path = ViewController.swift; sourceTree = "<group>"; };
		3A536C9C2354E7F500D8DC39 /* Base */ = {isa = PBXFileReference; lastKnownFileType = file.storyboard; name = Base; path = Base.lproj/Main.storyboard; sourceTree = "<group>"; };
		3A536C9E2354E7F700D8DC39 /* Assets.xcassets */ = {isa = PBXFileReference; lastKnownFileType = folder.assetcatalog; path = Assets.xcassets; sourceTree = "<group>"; };
		3A536CA12354E7F700D8DC39 /* Base */ = {isa = PBXFileReference; lastKnownFileType = file.storyboard; name = Base; path = Base.lproj/LaunchScreen.storyboard; sourceTree = "<group>"; };
		3A536CA32354E7F700D8DC39 /* Info.plist */ = {isa = PBXFileReference; lastKnownFileType = text.plist.xml; path = Info.plist; sourceTree = "<group>"; };
		3A536CA82354E7F700D8DC39 /* animationsLabTwoTests.xctest */ = {isa = PBXFileReference; explicitFileType = wrapper.cfbundle; includeInIndex = 0; path = animationsLabTwoTests.xctest; sourceTree = BUILT_PRODUCTS_DIR; };
		3A536CAC2354E7F700D8DC39 /* animationsLabTwoTests.swift */ = {isa = PBXFileReference; lastKnownFileType = sourcecode.swift; path = animationsLabTwoTests.swift; sourceTree = "<group>"; };
		3A536CAE2354E7F700D8DC39 /* Info.plist */ = {isa = PBXFileReference; lastKnownFileType = text.plist.xml; path = Info.plist; sourceTree = "<group>"; };
		3A536CB32354E7F700D8DC39 /* animationsLabTwoUITests.xctest */ = {isa = PBXFileReference; explicitFileType = wrapper.cfbundle; includeInIndex = 0; path = animationsLabTwoUITests.xctest; sourceTree = BUILT_PRODUCTS_DIR; };
		3A536CB72354E7F700D8DC39 /* animationsLabTwoUITests.swift */ = {isa = PBXFileReference; lastKnownFileType = sourcecode.swift; path = animationsLabTwoUITests.swift; sourceTree = "<group>"; };
		3A536CB92354E7F700D8DC39 /* Info.plist */ = {isa = PBXFileReference; lastKnownFileType = text.plist.xml; path = Info.plist; sourceTree = "<group>"; };
/* End PBXFileReference section */

/* Begin PBXFrameworksBuildPhase section */
		3A536C8F2354E7F500D8DC39 /* Frameworks */ = {
			isa = PBXFrameworksBuildPhase;
			buildActionMask = 2147483647;
			files = (
			);
			runOnlyForDeploymentPostprocessing = 0;
		};
		3A536CA52354E7F700D8DC39 /* Frameworks */ = {
			isa = PBXFrameworksBuildPhase;
			buildActionMask = 2147483647;
			files = (
			);
			runOnlyForDeploymentPostprocessing = 0;
		};
		3A536CB02354E7F700D8DC39 /* Frameworks */ = {
			isa = PBXFrameworksBuildPhase;
			buildActionMask = 2147483647;
			files = (
			);
			runOnlyForDeploymentPostprocessing = 0;
		};
/* End PBXFrameworksBuildPhase section */

/* Begin PBXGroup section */
		3A536C892354E7F500D8DC39 = {
			isa = PBXGroup;
			children = (
				3A536C942354E7F500D8DC39 /* animationsLabTwo */,
				3A536CAB2354E7F700D8DC39 /* animationsLabTwoTests */,
				3A536CB62354E7F700D8DC39 /* animationsLabTwoUITests */,
				3A536C932354E7F500D8DC39 /* Products */,
			);
			sourceTree = "<group>";
		};
		3A536C932354E7F500D8DC39 /* Products */ = {
			isa = PBXGroup;
			children = (
				3A536C922354E7F500D8DC39 /* animationsLabTwo.app */,
				3A536CA82354E7F700D8DC39 /* animationsLabTwoTests.xctest */,
				3A536CB32354E7F700D8DC39 /* animationsLabTwoUITests.xctest */,
			);
			name = Products;
			sourceTree = "<group>";
		};
		3A536C942354E7F500D8DC39 /* animationsLabTwo */ = {
			isa = PBXGroup;
			children = (
				3A536C952354E7F500D8DC39 /* AppDelegate.swift */,
				3A536C972354E7F500D8DC39 /* SceneDelegate.swift */,
				3A536C992354E7F500D8DC39 /* ViewController.swift */,
				3A536C9B2354E7F500D8DC39 /* Main.storyboard */,
				3A536C9E2354E7F700D8DC39 /* Assets.xcassets */,
				3A536CA02354E7F700D8DC39 /* LaunchScreen.storyboard */,
				3A536CA32354E7F700D8DC39 /* Info.plist */,
			);
			path = animationsLabTwo;
			sourceTree = "<group>";
		};
		3A536CAB2354E7F700D8DC39 /* animationsLabTwoTests */ = {
			isa = PBXGroup;
			children = (
				3A536CAC2354E7F700D8DC39 /* animationsLabTwoTests.swift */,
				3A536CAE2354E7F700D8DC39 /* Info.plist */,
			);
			path = animationsLabTwoTests;
			sourceTree = "<group>";
		};
		3A536CB62354E7F700D8DC39 /* animationsLabTwoUITests */ = {
			isa = PBXGroup;
			children = (
				3A536CB72354E7F700D8DC39 /* animationsLabTwoUITests.swift */,
				3A536CB92354E7F700D8DC39 /* Info.plist */,
			);
			path = animationsLabTwoUITests;
			sourceTree = "<group>";
		};
/* End PBXGroup section */

/* Begin PBXNativeTarget section */
		3A536C912354E7F500D8DC39 /* animationsLabTwo */ = {
			isa = PBXNativeTarget;
			buildConfigurationList = 3A536CBC2354E7F700D8DC39 /* Build configuration list for PBXNativeTarget "animationsLabTwo" */;
			buildPhases = (
				3A536C8E2354E7F500D8DC39 /* Sources */,
				3A536C8F2354E7F500D8DC39 /* Frameworks */,
				3A536C902354E7F500D8DC39 /* Resources */,
			);
			buildRules = (
			);
			dependencies = (
			);
			name = animationsLabTwo;
			productName = animationsLabTwo;
			productReference = 3A536C922354E7F500D8DC39 /* animationsLabTwo.app */;
			productType = "com.apple.product-type.application";
		};
		3A536CA72354E7F700D8DC39 /* animationsLabTwoTests */ = {
			isa = PBXNativeTarget;
			buildConfigurationList = 3A536CBF2354E7F700D8DC39 /* Build configuration list for PBXNativeTarget "animationsLabTwoTests" */;
			buildPhases = (
				3A536CA42354E7F700D8DC39 /* Sources */,
				3A536CA52354E7F700D8DC39 /* Frameworks */,
				3A536CA62354E7F700D8DC39 /* Resources */,
			);
			buildRules = (
			);
			dependencies = (
				3A536CAA2354E7F700D8DC39 /* PBXTargetDependency */,
			);
			name = animationsLabTwoTests;
			productName = animationsLabTwoTests;
			productReference = 3A536CA82354E7F700D8DC39 /* animationsLabTwoTests.xctest */;
			productType = "com.apple.product-type.bundle.unit-test";
		};
		3A536CB22354E7F700D8DC39 /* animationsLabTwoUITests */ = {
			isa = PBXNativeTarget;
			buildConfigurationList = 3A536CC22354E7F700D8DC39 /* Build configuration list for PBXNativeTarget "animationsLabTwoUITests" */;
			buildPhases = (
				3A536CAF2354E7F700D8DC39 /* Sources */,
				3A536CB02354E7F700D8DC39 /* Frameworks */,
				3A536CB12354E7F700D8DC39 /* Resources */,
			);
			buildRules = (
			);
			dependencies = (
				3A536CB52354E7F700D8DC39 /* PBXTargetDependency */,
			);
			name = animationsLabTwoUITests;
			productName = animationsLabTwoUITests;
			productReference = 3A536CB32354E7F700D8DC39 /* animationsLabTwoUITests.xctest */;
			productType = "com.apple.product-type.bundle.ui-testing";
		};
/* End PBXNativeTarget section */

/* Begin PBXProject section */
		3A536C8A2354E7F500D8DC39 /* Project object */ = {
			isa = PBXProject;
			attributes = {
				LastSwiftUpdateCheck = 1100;
				LastUpgradeCheck = 1100;
				ORGANIZATIONNAME = "Sam Roman";
				TargetAttributes = {
					3A536C912354E7F500D8DC39 = {
						CreatedOnToolsVersion = 11.0;
					};
					3A536CA72354E7F700D8DC39 = {
						CreatedOnToolsVersion = 11.0;
						TestTargetID = 3A536C912354E7F500D8DC39;
					};
					3A536CB22354E7F700D8DC39 = {
						CreatedOnToolsVersion = 11.0;
						TestTargetID = 3A536C912354E7F500D8DC39;
					};
				};
			};
			buildConfigurationList = 3A536C8D2354E7F500D8DC39 /* Build configuration list for PBXProject "animationsLabTwo" */;
			compatibilityVersion = "Xcode 9.3";
			developmentRegion = en;
			hasScannedForEncodings = 0;
			knownRegions = (
				en,
				Base,
			);
			mainGroup = 3A536C892354E7F500D8DC39;
			productRefGroup = 3A536C932354E7F500D8DC39 /* Products */;
			projectDirPath = "";
			projectRoot = "";
			targets = (
				3A536C912354E7F500D8DC39 /* animationsLabTwo */,
				3A536CA72354E7F700D8DC39 /* animationsLabTwoTests */,
				3A536CB22354E7F700D8DC39 /* animationsLabTwoUITests */,
			);
		};
/* End PBXProject section */

/* Begin PBXResourcesBuildPhase section */
		3A536C902354E7F500D8DC39 /* Resources */ = {
			isa = PBXResourcesBuildPhase;
			buildActionMask = 2147483647;
			files = (
				3A536CA22354E7F700D8DC39 /* LaunchScreen.storyboard in Resources */,
				3A536C9F2354E7F700D8DC39 /* Assets.xcassets in Resources */,
				3A536C9D2354E7F500D8DC39 /* Main.storyboard in Resources */,
			);
			runOnlyForDeploymentPostprocessing = 0;
		};
		3A536CA62354E7F700D8DC39 /* Resources */ = {
			isa = PBXResourcesBuildPhase;
			buildActionMask = 2147483647;
			files = (
			);
			runOnlyForDeploymentPostprocessing = 0;
		};
		3A536CB12354E7F700D8DC39 /* Resources */ = {
			isa = PBXResourcesBuildPhase;
			buildActionMask = 2147483647;
			files = (
			);
			runOnlyForDeploymentPostprocessing = 0;
		};
/* End PBXResourcesBuildPhase section */

/* Begin PBXSourcesBuildPhase section */
		3A536C8E2354E7F500D8DC39 /* Sources */ = {
			isa = PBXSourcesBuildPhase;
			buildActionMask = 2147483647;
			files = (
				3A536C9A2354E7F500D8DC39 /* ViewController.swift in Sources */,
				3A536C962354E7F500D8DC39 /* AppDelegate.swift in Sources */,
				3A536C982354E7F500D8DC39 /* SceneDelegate.swift in Sources */,
			);
			runOnlyForDeploymentPostprocessing = 0;
		};
		3A536CA42354E7F700D8DC39 /* Sources */ = {
			isa = PBXSourcesBuildPhase;
			buildActionMask = 2147483647;
			files = (
				3A536CAD2354E7F700D8DC39 /* animationsLabTwoTests.swift in Sources */,
			);
			runOnlyForDeploymentPostprocessing = 0;
		};
		3A536CAF2354E7F700D8DC39 /* Sources */ = {
			isa = PBXSourcesBuildPhase;
			buildActionMask = 2147483647;
			files = (
				3A536CB82354E7F700D8DC39 /* animationsLabTwoUITests.swift in Sources */,
			);
			runOnlyForDeploymentPostprocessing = 0;
		};
/* End PBXSourcesBuildPhase section */

/* Begin PBXTargetDependency section */
		3A536CAA2354E7F700D8DC39 /* PBXTargetDependency */ = {
			isa = PBXTargetDependency;
			target = 3A536C912354E7F500D8DC39 /* animationsLabTwo */;
			targetProxy = 3A536CA92354E7F700D8DC39 /* PBXContainerItemProxy */;
		};
		3A536CB52354E7F700D8DC39 /* PBXTargetDependency */ = {
			isa = PBXTargetDependency;
			target = 3A536C912354E7F500D8DC39 /* animationsLabTwo */;
			targetProxy = 3A536CB42354E7F700D8DC39 /* PBXContainerItemProxy */;
		};
/* End PBXTargetDependency section */

/* Begin PBXVariantGroup section */
		3A536C9B2354E7F500D8DC39 /* Main.storyboard */ = {
			isa = PBXVariantGroup;
			children = (
				3A536C9C2354E7F500D8DC39 /* Base */,
			);
			name = Main.storyboard;
			sourceTree = "<group>";
		};
		3A536CA02354E7F700D8DC39 /* LaunchScreen.storyboard */ = {
			isa = PBXVariantGroup;
			children = (
				3A536CA12354E7F700D8DC39 /* Base */,
			);
			name = LaunchScreen.storyboard;
			sourceTree = "<group>";
		};
/* End PBXVariantGroup section */

/* Begin XCBuildConfiguration section */
		3A536CBA2354E7F700D8DC39 /* Debug */ = {
			isa = XCBuildConfiguration;
			buildSettings = {
				ALWAYS_SEARCH_USER_PATHS = NO;
				CLANG_ANALYZER_NONNULL = YES;
				CLANG_ANALYZER_NUMBER_OBJECT_CONVERSION = YES_AGGRESSIVE;
				CLANG_CXX_LANGUAGE_STANDARD = "gnu++14";
				CLANG_CXX_LIBRARY = "libc++";
				CLANG_ENABLE_MODULES = YES;
				CLANG_ENABLE_OBJC_ARC = YES;
				CLANG_ENABLE_OBJC_WEAK = YES;
				CLANG_WARN_BLOCK_CAPTURE_AUTORELEASING = YES;
				CLANG_WARN_BOOL_CONVERSION = YES;
				CLANG_WARN_COMMA = YES;
				CLANG_WARN_CONSTANT_CONVERSION = YES;
				CLANG_WARN_DEPRECATED_OBJC_IMPLEMENTATIONS = YES;
				CLANG_WARN_DIRECT_OBJC_ISA_USAGE = YES_ERROR;
				CLANG_WARN_DOCUMENTATION_COMMENTS = YES;
				CLANG_WARN_EMPTY_BODY = YES;
				CLANG_WARN_ENUM_CONVERSION = YES;
				CLANG_WARN_INFINITE_RECURSION = YES;
				CLANG_WARN_INT_CONVERSION = YES;
				CLANG_WARN_NON_LITERAL_NULL_CONVERSION = YES;
				CLANG_WARN_OBJC_IMPLICIT_RETAIN_SELF = YES;
				CLANG_WARN_OBJC_LITERAL_CONVERSION = YES;
				CLANG_WARN_OBJC_ROOT_CLASS = YES_ERROR;
				CLANG_WARN_RANGE_LOOP_ANALYSIS = YES;
				CLANG_WARN_STRICT_PROTOTYPES = YES;
				CLANG_WARN_SUSPICIOUS_MOVE = YES;
				CLANG_WARN_UNGUARDED_AVAILABILITY = YES_AGGRESSIVE;
				CLANG_WARN_UNREACHABLE_CODE = YES;
				CLANG_WARN__DUPLICATE_METHOD_MATCH = YES;
				COPY_PHASE_STRIP = NO;
				DEBUG_INFORMATION_FORMAT = dwarf;
				ENABLE_STRICT_OBJC_MSGSEND = YES;
				ENABLE_TESTABILITY = YES;
				GCC_C_LANGUAGE_STANDARD = gnu11;
				GCC_DYNAMIC_NO_PIC = NO;
				GCC_NO_COMMON_BLOCKS = YES;
				GCC_OPTIMIZATION_LEVEL = 0;
				GCC_PREPROCESSOR_DEFINITIONS = (
					"DEBUG=1",
					"$(inherited)",
				);
				GCC_WARN_64_TO_32_BIT_CONVERSION = YES;
				GCC_WARN_ABOUT_RETURN_TYPE = YES_ERROR;
				GCC_WARN_UNDECLARED_SELECTOR = YES;
				GCC_WARN_UNINITIALIZED_AUTOS = YES_AGGRESSIVE;
				GCC_WARN_UNUSED_FUNCTION = YES;
				GCC_WARN_UNUSED_VARIABLE = YES;
				IPHONEOS_DEPLOYMENT_TARGET = 13.0;
				MTL_ENABLE_DEBUG_INFO = INCLUDE_SOURCE;
				MTL_FAST_MATH = YES;
				ONLY_ACTIVE_ARCH = YES;
				SDKROOT = iphoneos;
				SWIFT_ACTIVE_COMPILATION_CONDITIONS = DEBUG;
				SWIFT_OPTIMIZATION_LEVEL = "-Onone";
			};
			name = Debug;
		};
		3A536CBB2354E7F700D8DC39 /* Release */ = {
			isa = XCBuildConfiguration;
			buildSettings = {
				ALWAYS_SEARCH_USER_PATHS = NO;
				CLANG_ANALYZER_NONNULL = YES;
				CLANG_ANALYZER_NUMBER_OBJECT_CONVERSION = YES_AGGRESSIVE;
				CLANG_CXX_LANGUAGE_STANDARD = "gnu++14";
				CLANG_CXX_LIBRARY = "libc++";
				CLANG_ENABLE_MODULES = YES;
				CLANG_ENABLE_OBJC_ARC = YES;
				CLANG_ENABLE_OBJC_WEAK = YES;
				CLANG_WARN_BLOCK_CAPTURE_AUTORELEASING = YES;
				CLANG_WARN_BOOL_CONVERSION = YES;
				CLANG_WARN_COMMA = YES;
				CLANG_WARN_CONSTANT_CONVERSION = YES;
				CLANG_WARN_DEPRECATED_OBJC_IMPLEMENTATIONS = YES;
				CLANG_WARN_DIRECT_OBJC_ISA_USAGE = YES_ERROR;
				CLANG_WARN_DOCUMENTATION_COMMENTS = YES;
				CLANG_WARN_EMPTY_BODY = YES;
				CLANG_WARN_ENUM_CONVERSION = YES;
				CLANG_WARN_INFINITE_RECURSION = YES;
				CLANG_WARN_INT_CONVERSION = YES;
				CLANG_WARN_NON_LITERAL_NULL_CONVERSION = YES;
				CLANG_WARN_OBJC_IMPLICIT_RETAIN_SELF = YES;
				CLANG_WARN_OBJC_LITERAL_CONVERSION = YES;
				CLANG_WARN_OBJC_ROOT_CLASS = YES_ERROR;
				CLANG_WARN_RANGE_LOOP_ANALYSIS = YES;
				CLANG_WARN_STRICT_PROTOTYPES = YES;
				CLANG_WARN_SUSPICIOUS_MOVE = YES;
				CLANG_WARN_UNGUARDED_AVAILABILITY = YES_AGGRESSIVE;
				CLANG_WARN_UNREACHABLE_CODE = YES;
				CLANG_WARN__DUPLICATE_METHOD_MATCH = YES;
				COPY_PHASE_STRIP = NO;
				DEBUG_INFORMATION_FORMAT = "dwarf-with-dsym";
				ENABLE_NS_ASSERTIONS = NO;
				ENABLE_STRICT_OBJC_MSGSEND = YES;
				GCC_C_LANGUAGE_STANDARD = gnu11;
				GCC_NO_COMMON_BLOCKS = YES;
				GCC_WARN_64_TO_32_BIT_CONVERSION = YES;
				GCC_WARN_ABOUT_RETURN_TYPE = YES_ERROR;
				GCC_WARN_UNDECLARED_SELECTOR = YES;
				GCC_WARN_UNINITIALIZED_AUTOS = YES_AGGRESSIVE;
				GCC_WARN_UNUSED_FUNCTION = YES;
				GCC_WARN_UNUSED_VARIABLE = YES;
				IPHONEOS_DEPLOYMENT_TARGET = 13.0;
				MTL_ENABLE_DEBUG_INFO = NO;
				MTL_FAST_MATH = YES;
				SDKROOT = iphoneos;
				SWIFT_COMPILATION_MODE = wholemodule;
				SWIFT_OPTIMIZATION_LEVEL = "-O";
				VALIDATE_PRODUCT = YES;
			};
			name = Release;
		};
		3A536CBD2354E7F700D8DC39 /* Debug */ = {
			isa = XCBuildConfiguration;
			buildSettings = {
				ASSETCATALOG_COMPILER_APPICON_NAME = AppIcon;
				CODE_SIGN_STYLE = Automatic;
				DEVELOPMENT_TEAM = BHJSDBBPS7;
				INFOPLIST_FILE = animationsLabTwo/Info.plist;
				LD_RUNPATH_SEARCH_PATHS = (
					"$(inherited)",
					"@executable_path/Frameworks",
				);
				PRODUCT_BUNDLE_IDENTIFIER = pursuit.animationsLabTwo;
				PRODUCT_NAME = "$(TARGET_NAME)";
				SWIFT_VERSION = 5.0;
				TARGETED_DEVICE_FAMILY = "1,2";
			};
			name = Debug;
		};
		3A536CBE2354E7F700D8DC39 /* Release */ = {
			isa = XCBuildConfiguration;
			buildSettings = {
				ASSETCATALOG_COMPILER_APPICON_NAME = AppIcon;
				CODE_SIGN_STYLE = Automatic;
				DEVELOPMENT_TEAM = BHJSDBBPS7;
				INFOPLIST_FILE = animationsLabTwo/Info.plist;
				LD_RUNPATH_SEARCH_PATHS = (
					"$(inherited)",
					"@executable_path/Frameworks",
				);
				PRODUCT_BUNDLE_IDENTIFIER = pursuit.animationsLabTwo;
				PRODUCT_NAME = "$(TARGET_NAME)";
				SWIFT_VERSION = 5.0;
				TARGETED_DEVICE_FAMILY = "1,2";
			};
			name = Release;
		};
		3A536CC02354E7F700D8DC39 /* Debug */ = {
			isa = XCBuildConfiguration;
			buildSettings = {
				ALWAYS_EMBED_SWIFT_STANDARD_LIBRARIES = YES;
				BUNDLE_LOADER = "$(TEST_HOST)";
				CODE_SIGN_STYLE = Automatic;
				DEVELOPMENT_TEAM = BHJSDBBPS7;
				INFOPLIST_FILE = animationsLabTwoTests/Info.plist;
				IPHONEOS_DEPLOYMENT_TARGET = 13.0;
				LD_RUNPATH_SEARCH_PATHS = (
					"$(inherited)",
					"@executable_path/Frameworks",
					"@loader_path/Frameworks",
				);
				PRODUCT_BUNDLE_IDENTIFIER = pursuit.animationsLabTwoTests;
				PRODUCT_NAME = "$(TARGET_NAME)";
				SWIFT_VERSION = 5.0;
				TARGETED_DEVICE_FAMILY = "1,2";
				TEST_HOST = "$(BUILT_PRODUCTS_DIR)/animationsLabTwo.app/animationsLabTwo";
			};
			name = Debug;
		};
		3A536CC12354E7F700D8DC39 /* Release */ = {
			isa = XCBuildConfiguration;
			buildSettings = {
				ALWAYS_EMBED_SWIFT_STANDARD_LIBRARIES = YES;
				BUNDLE_LOADER = "$(TEST_HOST)";
				CODE_SIGN_STYLE = Automatic;
				DEVELOPMENT_TEAM = BHJSDBBPS7;
				INFOPLIST_FILE = animationsLabTwoTests/Info.plist;
				IPHONEOS_DEPLOYMENT_TARGET = 13.0;
				LD_RUNPATH_SEARCH_PATHS = (
					"$(inherited)",
					"@executable_path/Frameworks",
					"@loader_path/Frameworks",
				);
				PRODUCT_BUNDLE_IDENTIFIER = pursuit.animationsLabTwoTests;
				PRODUCT_NAME = "$(TARGET_NAME)";
				SWIFT_VERSION = 5.0;
				TARGETED_DEVICE_FAMILY = "1,2";
				TEST_HOST = "$(BUILT_PRODUCTS_DIR)/animationsLabTwo.app/animationsLabTwo";
			};
			name = Release;
		};
		3A536CC32354E7F700D8DC39 /* Debug */ = {
			isa = XCBuildConfiguration;
			buildSettings = {
				ALWAYS_EMBED_SWIFT_STANDARD_LIBRARIES = YES;
				CODE_SIGN_STYLE = Automatic;
				DEVELOPMENT_TEAM = BHJSDBBPS7;
				INFOPLIST_FILE = animationsLabTwoUITests/Info.plist;
				LD_RUNPATH_SEARCH_PATHS = (
					"$(inherited)",
					"@executable_path/Frameworks",
					"@loader_path/Frameworks",
				);
				PRODUCT_BUNDLE_IDENTIFIER = pursuit.animationsLabTwoUITests;
				PRODUCT_NAME = "$(TARGET_NAME)";
				SWIFT_VERSION = 5.0;
				TARGETED_DEVICE_FAMILY = "1,2";
				TEST_TARGET_NAME = animationsLabTwo;
			};
			name = Debug;
		};
		3A536CC42354E7F700D8DC39 /* Release */ = {
			isa = XCBuildConfiguration;
			buildSettings = {
				ALWAYS_EMBED_SWIFT_STANDARD_LIBRARIES = YES;
				CODE_SIGN_STYLE = Automatic;
				DEVELOPMENT_TEAM = BHJSDBBPS7;
				INFOPLIST_FILE = animationsLabTwoUITests/Info.plist;
				LD_RUNPATH_SEARCH_PATHS = (
					"$(inherited)",
					"@executable_path/Frameworks",
					"@loader_path/Frameworks",
				);
				PRODUCT_BUNDLE_IDENTIFIER = pursuit.animationsLabTwoUITests;
				PRODUCT_NAME = "$(TARGET_NAME)";
				SWIFT_VERSION = 5.0;
				TARGETED_DEVICE_FAMILY = "1,2";
				TEST_TARGET_NAME = animationsLabTwo;
			};
			name = Release;
		};
/* End XCBuildConfiguration section */

/* Begin XCConfigurationList section */
		3A536C8D2354E7F500D8DC39 /* Build configuration list for PBXProject "animationsLabTwo" */ = {
			isa = XCConfigurationList;
			buildConfigurations = (
				3A536CBA2354E7F700D8DC39 /* Debug */,
				3A536CBB2354E7F700D8DC39 /* Release */,
			);
			defaultConfigurationIsVisible = 0;
			defaultConfigurationName = Release;
		};
		3A536CBC2354E7F700D8DC39 /* Build configuration list for PBXNativeTarget "animationsLabTwo" */ = {
			isa = XCConfigurationList;
			buildConfigurations = (
				3A536CBD2354E7F700D8DC39 /* Debug */,
				3A536CBE2354E7F700D8DC39 /* Release */,
			);
			defaultConfigurationIsVisible = 0;
			defaultConfigurationName = Release;
		};
		3A536CBF2354E7F700D8DC39 /* Build configuration list for PBXNativeTarget "animationsLabTwoTests" */ = {
			isa = XCConfigurationList;
			buildConfigurations = (
				3A536CC02354E7F700D8DC39 /* Debug */,
				3A536CC12354E7F700D8DC39 /* Release */,
			);
			defaultConfigurationIsVisible = 0;
			defaultConfigurationName = Release;
		};
		3A536CC22354E7F700D8DC39 /* Build configuration list for PBXNativeTarget "animationsLabTwoUITests" */ = {
			isa = XCConfigurationList;
			buildConfigurations = (
				3A536CC32354E7F700D8DC39 /* Debug */,
				3A536CC42354E7F700D8DC39 /* Release */,
			);
			defaultConfigurationIsVisible = 0;
			defaultConfigurationName = Release;
		};
/* End XCConfigurationList section */
	};
	rootObject = 3A536C8A2354E7F500D8DC39 /* Project object */;
}
